// !$*UTF8*$!
{
	archiveVersion = 1;
	classes = {
	};
	objectVersion = 48;
	objects = {

/* Begin PBXBuildFile section */
		822A00B220926004001DD101 /* Result.swift in Sources */ = {isa = PBXBuildFile; fileRef = 822A00B120926004001DD101 /* Result.swift */; };
		822A00B4209261F9001DD101 /* AppDependency.swift in Sources */ = {isa = PBXBuildFile; fileRef = 822A00B3209261F9001DD101 /* AppDependency.swift */; };
		82329D0720A7495D0057270B /* String+Localization.swift in Sources */ = {isa = PBXBuildFile; fileRef = 82329D0620A7495D0057270B /* String+Localization.swift */; };
		82329D0C20A74B4B0057270B /* MeasurementStationVC.xib in Resources */ = {isa = PBXBuildFile; fileRef = 82329D0E20A74B4B0057270B /* MeasurementStationVC.xib */; };
		82329D1220A74C300057270B /* MeasurementCell.xib in Resources */ = {isa = PBXBuildFile; fileRef = 82329D1420A74C300057270B /* MeasurementCell.xib */; };
		82329D2C20A74DD10057270B /* Localizable.strings in Resources */ = {isa = PBXBuildFile; fileRef = 82329D2E20A74DD10057270B /* Localizable.strings */; };
		827E765E20A0622D0091775B /* HomeCoordinator.swift in Sources */ = {isa = PBXBuildFile; fileRef = 827E765D20A0622D0091775B /* HomeCoordinator.swift */; };
		827E766220A065FD0091775B /* UITableView+Dequeue.swift in Sources */ = {isa = PBXBuildFile; fileRef = 827E766120A065FD0091775B /* UITableView+Dequeue.swift */; };
		827E766420A066300091775B /* Identifiable.swift in Sources */ = {isa = PBXBuildFile; fileRef = 827E766320A066300091775B /* Identifiable.swift */; };
		827E766920A072450091775B /* MeasurementStationVC.swift in Sources */ = {isa = PBXBuildFile; fileRef = 827E766720A072450091775B /* MeasurementStationVC.swift */; };
		828CFB98209252BA00EDE038 /* AppDelegate.swift in Sources */ = {isa = PBXBuildFile; fileRef = 828CFB97209252BA00EDE038 /* AppDelegate.swift */; };
		828CFB9F209252BA00EDE038 /* Assets.xcassets in Resources */ = {isa = PBXBuildFile; fileRef = 828CFB9E209252BA00EDE038 /* Assets.xcassets */; };
		828CFBAD209252BA00EDE038 /* SampleAppTests.swift in Sources */ = {isa = PBXBuildFile; fileRef = 828CFBAC209252BA00EDE038 /* SampleAppTests.swift */; };
		828CFBB9209253FF00EDE038 /* RootCoordinator.swift in Sources */ = {isa = PBXBuildFile; fileRef = 828CFBB8209253FF00EDE038 /* RootCoordinator.swift */; };
		828CFBBC2092546100EDE038 /* Coordinator.swift in Sources */ = {isa = PBXBuildFile; fileRef = 828CFBBB2092546100EDE038 /* Coordinator.swift */; };
		8298FF2420A07D6B0019DC4F /* MeasurementCell.swift in Sources */ = {isa = PBXBuildFile; fileRef = 8298FF2220A07D6B0019DC4F /* MeasurementCell.swift */; };
		8298FF2720A082FD0019DC4F /* MeasurementStationVM.swift in Sources */ = {isa = PBXBuildFile; fileRef = 8298FF2620A082FD0019DC4F /* MeasurementStationVM.swift */; };
		8298FF2B20A1DBED0019DC4F /* MeasurementCellVM.swift in Sources */ = {isa = PBXBuildFile; fileRef = 8298FF2A20A1DBED0019DC4F /* MeasurementCellVM.swift */; };
		8298FF2D20A1DC0D0019DC4F /* MeasurementCellVMProtocol.swift in Sources */ = {isa = PBXBuildFile; fileRef = 8298FF2C20A1DC0D0019DC4F /* MeasurementCellVMProtocol.swift */; };
		8298FF3120A314830019DC4F /* AlertsController.swift in Sources */ = {isa = PBXBuildFile; fileRef = 8298FF3020A314830019DC4F /* AlertsController.swift */; };
		8298FF3320A31A870019DC4F /* HasAlertsController.swift in Sources */ = {isa = PBXBuildFile; fileRef = 8298FF3220A31A870019DC4F /* HasAlertsController.swift */; };
		8298FF3520A31AC60019DC4F /* AlertsControllerProtocol.swift in Sources */ = {isa = PBXBuildFile; fileRef = 8298FF3420A31AC60019DC4F /* AlertsControllerProtocol.swift */; };
		82CA798520950C7300CED1C6 /* LoadingVC.swift in Sources */ = {isa = PBXBuildFile; fileRef = 82CA798420950C7300CED1C6 /* LoadingVC.swift */; };
		82CA798720950D6600CED1C6 /* CircleProgressView.swift in Sources */ = {isa = PBXBuildFile; fileRef = 82CA798620950D6600CED1C6 /* CircleProgressView.swift */; };
		82CA798A2095194200CED1C6 /* UIView+Constraints.swift in Sources */ = {isa = PBXBuildFile; fileRef = 82CA79892095194200CED1C6 /* UIView+Constraints.swift */; };
		82CA798D20951D9700CED1C6 /* MeasurementStationsLoadingVM.swift in Sources */ = {isa = PBXBuildFile; fileRef = 82CA798C20951D9700CED1C6 /* MeasurementStationsLoadingVM.swift */; };
		82CA79922095287E00CED1C6 /* LoadingProtocols.swift in Sources */ = {isa = PBXBuildFile; fileRef = 82CA79912095287E00CED1C6 /* LoadingProtocols.swift */; };
		82CA799520973DB500CED1C6 /* Request.swift in Sources */ = {isa = PBXBuildFile; fileRef = 82CA799420973DB500CED1C6 /* Request.swift */; };
		82CA799B20974E1400CED1C6 /* HTTPMethod.swift in Sources */ = {isa = PBXBuildFile; fileRef = 82CA799A20974E1400CED1C6 /* HTTPMethod.swift */; };
		82CA799D20974FB300CED1C6 /* AirQualityRequest.swift in Sources */ = {isa = PBXBuildFile; fileRef = 82CA799C20974FB300CED1C6 /* AirQualityRequest.swift */; };
		82CA79A2209756FD00CED1C6 /* URLRequestConvertible.swift in Sources */ = {isa = PBXBuildFile; fileRef = 82CA79A1209756FD00CED1C6 /* URLRequestConvertible.swift */; };
		82CA79A42097684000CED1C6 /* NetworkDispatcher.swift in Sources */ = {isa = PBXBuildFile; fileRef = 82CA79A32097684000CED1C6 /* NetworkDispatcher.swift */; };
		82CA79A62097761C00CED1C6 /* Dispatcher.swift in Sources */ = {isa = PBXBuildFile; fileRef = 82CA79A52097761C00CED1C6 /* Dispatcher.swift */; };
		82CA79A8209776DA00CED1C6 /* AirQualityService.swift in Sources */ = {isa = PBXBuildFile; fileRef = 82CA79A7209776DA00CED1C6 /* AirQualityService.swift */; };
		82CA79AA2097773400CED1C6 /* HasNetworkDispatcher.swift in Sources */ = {isa = PBXBuildFile; fileRef = 82CA79A92097773400CED1C6 /* HasNetworkDispatcher.swift */; };
		82CA79AD20977FCC00CED1C6 /* MeasurementStation.swift in Sources */ = {isa = PBXBuildFile; fileRef = 82CA79AC20977FCC00CED1C6 /* MeasurementStation.swift */; };
		82CA79AF209780A700CED1C6 /* Sensor.swift in Sources */ = {isa = PBXBuildFile; fileRef = 82CA79AE209780A700CED1C6 /* Sensor.swift */; };
		82CA79B12097813100CED1C6 /* SensorData.swift in Sources */ = {isa = PBXBuildFile; fileRef = 82CA79B02097813100CED1C6 /* SensorData.swift */; };
		82CA79B32097868A00CED1C6 /* HasAirQualityService.swift in Sources */ = {isa = PBXBuildFile; fileRef = 82CA79B22097868A00CED1C6 /* HasAirQualityService.swift */; };
		82CA79B6209786E500CED1C6 /* AirQualityServiceProtocol.swift in Sources */ = {isa = PBXBuildFile; fileRef = 82CA79B5209786E500CED1C6 /* AirQualityServiceProtocol.swift */; };
		82CB9CD8209CE44900B778E0 /* ListTableVC.swift in Sources */ = {isa = PBXBuildFile; fileRef = 82CB9CD7209CE44900B778E0 /* ListTableVC.swift */; };
		82CB9CDA209CE45D00B778E0 /* ListProtocols.swift in Sources */ = {isa = PBXBuildFile; fileRef = 82CB9CD9209CE45D00B778E0 /* ListProtocols.swift */; };
		82CB9CDD209CE79100B778E0 /* MeasurementStationsListVM.swift in Sources */ = {isa = PBXBuildFile; fileRef = 82CB9CDC209CE79100B778E0 /* MeasurementStationsListVM.swift */; };
/* End PBXBuildFile section */

/* Begin PBXContainerItemProxy section */
		828CFBA9209252BA00EDE038 /* PBXContainerItemProxy */ = {
			isa = PBXContainerItemProxy;
			containerPortal = 828CFB8C209252BA00EDE038 /* Project object */;
			proxyType = 1;
			remoteGlobalIDString = 828CFB93209252BA00EDE038;
			remoteInfo = SampleApp;
		};
/* End PBXContainerItemProxy section */

/* Begin PBXFileReference section */
		822A00B120926004001DD101 /* Result.swift */ = {isa = PBXFileReference; lastKnownFileType = sourcecode.swift; path = Result.swift; sourceTree = "<group>"; };
		822A00B3209261F9001DD101 /* AppDependency.swift */ = {isa = PBXFileReference; lastKnownFileType = sourcecode.swift; path = AppDependency.swift; sourceTree = "<group>"; };
		82329D0620A7495D0057270B /* String+Localization.swift */ = {isa = PBXFileReference; lastKnownFileType = sourcecode.swift; path = "String+Localization.swift"; sourceTree = "<group>"; };
		82329D0F20A74B520057270B /* Base */ = {isa = PBXFileReference; lastKnownFileType = file.xib; name = Base; path = Base.lproj/MeasurementStationVC.xib; sourceTree = "<group>"; };
		82329D1120A74B630057270B /* en */ = {isa = PBXFileReference; lastKnownFileType = text.plist.strings; name = en; path = en.lproj/MeasurementStationVC.strings; sourceTree = "<group>"; };
		82329D1320A74C300057270B /* Base */ = {isa = PBXFileReference; lastKnownFileType = file.xib; name = Base; path = Base.lproj/MeasurementCell.xib; sourceTree = "<group>"; };
		82329D1620A74C330057270B /* en */ = {isa = PBXFileReference; lastKnownFileType = text.plist.strings; name = en; path = en.lproj/MeasurementCell.strings; sourceTree = "<group>"; };
		82329D1D20A74D1B0057270B /* pl */ = {isa = PBXFileReference; lastKnownFileType = text.plist.strings; name = pl; path = pl.lproj/MeasurementCell.strings; sourceTree = "<group>"; };
		82329D1E20A74D1B0057270B /* pl */ = {isa = PBXFileReference; lastKnownFileType = text.plist.strings; name = pl; path = pl.lproj/MeasurementStationVC.strings; sourceTree = "<group>"; };
		82329D2D20A74DD10057270B /* en */ = {isa = PBXFileReference; lastKnownFileType = text.plist.strings; name = en; path = en.lproj/Localizable.strings; sourceTree = "<group>"; };
		82329D2F20A74DD40057270B /* pl */ = {isa = PBXFileReference; lastKnownFileType = text.plist.strings; name = pl; path = pl.lproj/Localizable.strings; sourceTree = "<group>"; };
		827E765D20A0622D0091775B /* HomeCoordinator.swift */ = {isa = PBXFileReference; lastKnownFileType = sourcecode.swift; path = HomeCoordinator.swift; sourceTree = "<group>"; };
		827E766120A065FD0091775B /* UITableView+Dequeue.swift */ = {isa = PBXFileReference; lastKnownFileType = sourcecode.swift; path = "UITableView+Dequeue.swift"; sourceTree = "<group>"; };
		827E766320A066300091775B /* Identifiable.swift */ = {isa = PBXFileReference; lastKnownFileType = sourcecode.swift; path = Identifiable.swift; sourceTree = "<group>"; };
		827E766720A072450091775B /* MeasurementStationVC.swift */ = {isa = PBXFileReference; lastKnownFileType = sourcecode.swift; path = MeasurementStationVC.swift; sourceTree = "<group>"; };
		828CFB94209252BA00EDE038 /* SampleApp.app */ = {isa = PBXFileReference; explicitFileType = wrapper.application; includeInIndex = 0; path = SampleApp.app; sourceTree = BUILT_PRODUCTS_DIR; };
		828CFB97209252BA00EDE038 /* AppDelegate.swift */ = {isa = PBXFileReference; lastKnownFileType = sourcecode.swift; path = AppDelegate.swift; sourceTree = "<group>"; };
		828CFB9E209252BA00EDE038 /* Assets.xcassets */ = {isa = PBXFileReference; lastKnownFileType = folder.assetcatalog; path = Assets.xcassets; sourceTree = "<group>"; };
		828CFBA3209252BA00EDE038 /* Info.plist */ = {isa = PBXFileReference; lastKnownFileType = text.plist.xml; path = Info.plist; sourceTree = "<group>"; };
		828CFBA8209252BA00EDE038 /* SampleAppTests.xctest */ = {isa = PBXFileReference; explicitFileType = wrapper.cfbundle; includeInIndex = 0; path = SampleAppTests.xctest; sourceTree = BUILT_PRODUCTS_DIR; };
		828CFBAC209252BA00EDE038 /* SampleAppTests.swift */ = {isa = PBXFileReference; lastKnownFileType = sourcecode.swift; path = SampleAppTests.swift; sourceTree = "<group>"; };
		828CFBAE209252BA00EDE038 /* Info.plist */ = {isa = PBXFileReference; lastKnownFileType = text.plist.xml; path = Info.plist; sourceTree = "<group>"; };
		828CFBB8209253FF00EDE038 /* RootCoordinator.swift */ = {isa = PBXFileReference; lastKnownFileType = sourcecode.swift; path = RootCoordinator.swift; sourceTree = "<group>"; };
		828CFBBB2092546100EDE038 /* Coordinator.swift */ = {isa = PBXFileReference; lastKnownFileType = sourcecode.swift; path = Coordinator.swift; sourceTree = "<group>"; };
		8298FF2220A07D6B0019DC4F /* MeasurementCell.swift */ = {isa = PBXFileReference; lastKnownFileType = sourcecode.swift; path = MeasurementCell.swift; sourceTree = "<group>"; };
		8298FF2620A082FD0019DC4F /* MeasurementStationVM.swift */ = {isa = PBXFileReference; lastKnownFileType = sourcecode.swift; path = MeasurementStationVM.swift; sourceTree = "<group>"; };
		8298FF2A20A1DBED0019DC4F /* MeasurementCellVM.swift */ = {isa = PBXFileReference; lastKnownFileType = sourcecode.swift; path = MeasurementCellVM.swift; sourceTree = "<group>"; };
		8298FF2C20A1DC0D0019DC4F /* MeasurementCellVMProtocol.swift */ = {isa = PBXFileReference; lastKnownFileType = sourcecode.swift; path = MeasurementCellVMProtocol.swift; sourceTree = "<group>"; };
		8298FF3020A314830019DC4F /* AlertsController.swift */ = {isa = PBXFileReference; lastKnownFileType = sourcecode.swift; path = AlertsController.swift; sourceTree = "<group>"; };
		8298FF3220A31A870019DC4F /* HasAlertsController.swift */ = {isa = PBXFileReference; lastKnownFileType = sourcecode.swift; path = HasAlertsController.swift; sourceTree = "<group>"; };
		8298FF3420A31AC60019DC4F /* AlertsControllerProtocol.swift */ = {isa = PBXFileReference; lastKnownFileType = sourcecode.swift; path = AlertsControllerProtocol.swift; sourceTree = "<group>"; };
		82CA798420950C7300CED1C6 /* LoadingVC.swift */ = {isa = PBXFileReference; lastKnownFileType = sourcecode.swift; path = LoadingVC.swift; sourceTree = "<group>"; };
		82CA798620950D6600CED1C6 /* CircleProgressView.swift */ = {isa = PBXFileReference; lastKnownFileType = sourcecode.swift; path = CircleProgressView.swift; sourceTree = "<group>"; };
		82CA79892095194200CED1C6 /* UIView+Constraints.swift */ = {isa = PBXFileReference; lastKnownFileType = sourcecode.swift; path = "UIView+Constraints.swift"; sourceTree = "<group>"; };
		82CA798C20951D9700CED1C6 /* MeasurementStationsLoadingVM.swift */ = {isa = PBXFileReference; lastKnownFileType = sourcecode.swift; path = MeasurementStationsLoadingVM.swift; sourceTree = "<group>"; };
		82CA79912095287E00CED1C6 /* LoadingProtocols.swift */ = {isa = PBXFileReference; lastKnownFileType = sourcecode.swift; path = LoadingProtocols.swift; sourceTree = "<group>"; };
		82CA799420973DB500CED1C6 /* Request.swift */ = {isa = PBXFileReference; lastKnownFileType = sourcecode.swift; path = Request.swift; sourceTree = "<group>"; };
		82CA799A20974E1400CED1C6 /* HTTPMethod.swift */ = {isa = PBXFileReference; lastKnownFileType = sourcecode.swift; path = HTTPMethod.swift; sourceTree = "<group>"; };
		82CA799C20974FB300CED1C6 /* AirQualityRequest.swift */ = {isa = PBXFileReference; lastKnownFileType = sourcecode.swift; path = AirQualityRequest.swift; sourceTree = "<group>"; };
		82CA79A1209756FD00CED1C6 /* URLRequestConvertible.swift */ = {isa = PBXFileReference; lastKnownFileType = sourcecode.swift; path = URLRequestConvertible.swift; sourceTree = "<group>"; };
		82CA79A32097684000CED1C6 /* NetworkDispatcher.swift */ = {isa = PBXFileReference; lastKnownFileType = sourcecode.swift; path = NetworkDispatcher.swift; sourceTree = "<group>"; };
		82CA79A52097761C00CED1C6 /* Dispatcher.swift */ = {isa = PBXFileReference; lastKnownFileType = sourcecode.swift; path = Dispatcher.swift; sourceTree = "<group>"; };
		82CA79A7209776DA00CED1C6 /* AirQualityService.swift */ = {isa = PBXFileReference; lastKnownFileType = sourcecode.swift; path = AirQualityService.swift; sourceTree = "<group>"; };
		82CA79A92097773400CED1C6 /* HasNetworkDispatcher.swift */ = {isa = PBXFileReference; lastKnownFileType = sourcecode.swift; path = HasNetworkDispatcher.swift; sourceTree = "<group>"; };
		82CA79AC20977FCC00CED1C6 /* MeasurementStation.swift */ = {isa = PBXFileReference; lastKnownFileType = sourcecode.swift; path = MeasurementStation.swift; sourceTree = "<group>"; };
		82CA79AE209780A700CED1C6 /* Sensor.swift */ = {isa = PBXFileReference; lastKnownFileType = sourcecode.swift; path = Sensor.swift; sourceTree = "<group>"; };
		82CA79B02097813100CED1C6 /* SensorData.swift */ = {isa = PBXFileReference; lastKnownFileType = sourcecode.swift; path = SensorData.swift; sourceTree = "<group>"; };
		82CA79B22097868A00CED1C6 /* HasAirQualityService.swift */ = {isa = PBXFileReference; lastKnownFileType = sourcecode.swift; path = HasAirQualityService.swift; sourceTree = "<group>"; };
		82CA79B5209786E500CED1C6 /* AirQualityServiceProtocol.swift */ = {isa = PBXFileReference; lastKnownFileType = sourcecode.swift; path = AirQualityServiceProtocol.swift; sourceTree = "<group>"; };
		82CB9CD7209CE44900B778E0 /* ListTableVC.swift */ = {isa = PBXFileReference; lastKnownFileType = sourcecode.swift; path = ListTableVC.swift; sourceTree = "<group>"; };
		82CB9CD9209CE45D00B778E0 /* ListProtocols.swift */ = {isa = PBXFileReference; lastKnownFileType = sourcecode.swift; path = ListProtocols.swift; sourceTree = "<group>"; };
		82CB9CDC209CE79100B778E0 /* MeasurementStationsListVM.swift */ = {isa = PBXFileReference; lastKnownFileType = sourcecode.swift; path = MeasurementStationsListVM.swift; sourceTree = "<group>"; };
/* End PBXFileReference section */

/* Begin PBXFrameworksBuildPhase section */
		828CFB91209252BA00EDE038 /* Frameworks */ = {
			isa = PBXFrameworksBuildPhase;
			buildActionMask = 2147483647;
			files = (
			);
			runOnlyForDeploymentPostprocessing = 0;
		};
		828CFBA5209252BA00EDE038 /* Frameworks */ = {
			isa = PBXFrameworksBuildPhase;
			buildActionMask = 2147483647;
			files = (
			);
			runOnlyForDeploymentPostprocessing = 0;
		};
/* End PBXFrameworksBuildPhase section */

/* Begin PBXGroup section */
		822A00AE20925F6C001DD101 /* Services */ = {
			isa = PBXGroup;
			children = (
				82CA799720973E9000CED1C6 /* Network */,
				8298FF2F20A314680019DC4F /* Alerts */,
			);
			path = Services;
			sourceTree = "<group>";
		};
		822A00B520926AC0001DD101 /* ApplicationControllers */ = {
			isa = PBXGroup;
			children = (
				827E766620A071B90091775B /* MeasurementStation */,
			);
			path = ApplicationControllers;
			sourceTree = "<group>";
		};
		827E766520A070F20091775B /* ReusableControllers */ = {
			isa = PBXGroup;
			children = (
				82CA798320950C4A00CED1C6 /* Loading */,
				82CB9CD4209CE24600B778E0 /* List */,
			);
			path = ReusableControllers;
			sourceTree = "<group>";
		};
		827E766620A071B90091775B /* MeasurementStation */ = {
			isa = PBXGroup;
			children = (
				8298FF2120A07B4C0019DC4F /* Views */,
				827E766720A072450091775B /* MeasurementStationVC.swift */,
				82329D0E20A74B4B0057270B /* MeasurementStationVC.xib */,
				8298FF2620A082FD0019DC4F /* MeasurementStationVM.swift */,
			);
			path = MeasurementStation;
			sourceTree = "<group>";
		};
		828CFB8B209252BA00EDE038 = {
			isa = PBXGroup;
			children = (
				828CFB96209252BA00EDE038 /* SampleApp */,
				828CFBAB209252BA00EDE038 /* SampleAppTests */,
				828CFB95209252BA00EDE038 /* Products */,
			);
			sourceTree = "<group>";
		};
		828CFB95209252BA00EDE038 /* Products */ = {
			isa = PBXGroup;
			children = (
				828CFB94209252BA00EDE038 /* SampleApp.app */,
				828CFBA8209252BA00EDE038 /* SampleAppTests.xctest */,
			);
			name = Products;
			sourceTree = "<group>";
		};
		828CFB96209252BA00EDE038 /* SampleApp */ = {
			isa = PBXGroup;
			children = (
				828CFB97209252BA00EDE038 /* AppDelegate.swift */,
				822A00B3209261F9001DD101 /* AppDependency.swift */,
				822A00B520926AC0001DD101 /* ApplicationControllers */,
				827E766520A070F20091775B /* ReusableControllers */,
				822A00AE20925F6C001DD101 /* Services */,
				828CFBBA2092545600EDE038 /* Protocols */,
				828CFBB7209253E600EDE038 /* Coordinators */,
				82CA79882095120600CED1C6 /* Extensions */,
				8298FF2E20A313E30019DC4F /* Enums */,
				828CFB9E209252BA00EDE038 /* Assets.xcassets */,
				82329D2E20A74DD10057270B /* Localizable.strings */,
				828CFBA3209252BA00EDE038 /* Info.plist */,
			);
			path = SampleApp;
			sourceTree = "<group>";
		};
		828CFBAB209252BA00EDE038 /* SampleAppTests */ = {
			isa = PBXGroup;
			children = (
				828CFBAC209252BA00EDE038 /* SampleAppTests.swift */,
				828CFBAE209252BA00EDE038 /* Info.plist */,
			);
			path = SampleAppTests;
			sourceTree = "<group>";
		};
		828CFBB7209253E600EDE038 /* Coordinators */ = {
			isa = PBXGroup;
			children = (
				828CFBB8209253FF00EDE038 /* RootCoordinator.swift */,
				827E765D20A0622D0091775B /* HomeCoordinator.swift */,
			);
			path = Coordinators;
			sourceTree = "<group>";
		};
		828CFBBA2092545600EDE038 /* Protocols */ = {
			isa = PBXGroup;
			children = (
				828CFBBB2092546100EDE038 /* Coordinator.swift */,
				827E766320A066300091775B /* Identifiable.swift */,
				82CA79B4209786AE00CED1C6 /* AppDependencies */,
			);
			path = Protocols;
			sourceTree = "<group>";
		};
		8298FF2120A07B4C0019DC4F /* Views */ = {
			isa = PBXGroup;
			children = (
				8298FF2220A07D6B0019DC4F /* MeasurementCell.swift */,
				82329D1420A74C300057270B /* MeasurementCell.xib */,
				8298FF2A20A1DBED0019DC4F /* MeasurementCellVM.swift */,
				8298FF2C20A1DC0D0019DC4F /* MeasurementCellVMProtocol.swift */,
			);
			path = Views;
			sourceTree = "<group>";
		};
		8298FF2E20A313E30019DC4F /* Enums */ = {
			isa = PBXGroup;
			children = (
				822A00B120926004001DD101 /* Result.swift */,
			);
			path = Enums;
			sourceTree = "<group>";
		};
		8298FF2F20A314680019DC4F /* Alerts */ = {
			isa = PBXGroup;
			children = (
				8298FF3420A31AC60019DC4F /* AlertsControllerProtocol.swift */,
				8298FF3020A314830019DC4F /* AlertsController.swift */,
			);
			path = Alerts;
			sourceTree = "<group>";
		};
		82CA798320950C4A00CED1C6 /* Loading */ = {
			isa = PBXGroup;
			children = (
				82CA798F2095281600CED1C6 /* ViewModels */,
				82CA798420950C7300CED1C6 /* LoadingVC.swift */,
				82CA798620950D6600CED1C6 /* CircleProgressView.swift */,
				82CA79912095287E00CED1C6 /* LoadingProtocols.swift */,
			);
			path = Loading;
			sourceTree = "<group>";
		};
		82CA79882095120600CED1C6 /* Extensions */ = {
			isa = PBXGroup;
			children = (
				82CA79892095194200CED1C6 /* UIView+Constraints.swift */,
				827E766120A065FD0091775B /* UITableView+Dequeue.swift */,
				82329D0620A7495D0057270B /* String+Localization.swift */,
			);
			path = Extensions;
			sourceTree = "<group>";
		};
		82CA798F2095281600CED1C6 /* ViewModels */ = {
			isa = PBXGroup;
			children = (
				82CA798C20951D9700CED1C6 /* MeasurementStationsLoadingVM.swift */,
			);
			path = ViewModels;
			sourceTree = "<group>";
		};
		82CA799720973E9000CED1C6 /* Network */ = {
			isa = PBXGroup;
			children = (
				82CA79AB20977EF300CED1C6 /* Models */,
				82CA799920973EAA00CED1C6 /* Protocols */,
				82CA799820973EA200CED1C6 /* Enums */,
				82CA79A32097684000CED1C6 /* NetworkDispatcher.swift */,
				82CA79A7209776DA00CED1C6 /* AirQualityService.swift */,
			);
			path = Network;
			sourceTree = "<group>";
		};
		82CA799820973EA200CED1C6 /* Enums */ = {
			isa = PBXGroup;
			children = (
				82CA799A20974E1400CED1C6 /* HTTPMethod.swift */,
				82CA799C20974FB300CED1C6 /* AirQualityRequest.swift */,
			);
			path = Enums;
			sourceTree = "<group>";
		};
		82CA799920973EAA00CED1C6 /* Protocols */ = {
			isa = PBXGroup;
			children = (
				82CA799420973DB500CED1C6 /* Request.swift */,
				82CA79A1209756FD00CED1C6 /* URLRequestConvertible.swift */,
				82CA79A52097761C00CED1C6 /* Dispatcher.swift */,
				82CA79B5209786E500CED1C6 /* AirQualityServiceProtocol.swift */,
			);
			path = Protocols;
			sourceTree = "<group>";
		};
		82CA79AB20977EF300CED1C6 /* Models */ = {
			isa = PBXGroup;
			children = (
				82CA79AC20977FCC00CED1C6 /* MeasurementStation.swift */,
				82CA79AE209780A700CED1C6 /* Sensor.swift */,
				82CA79B02097813100CED1C6 /* SensorData.swift */,
			);
			path = Models;
			sourceTree = "<group>";
		};
		82CA79B4209786AE00CED1C6 /* AppDependencies */ = {
			isa = PBXGroup;
			children = (
				82CA79A92097773400CED1C6 /* HasNetworkDispatcher.swift */,
				82CA79B22097868A00CED1C6 /* HasAirQualityService.swift */,
				8298FF3220A31A870019DC4F /* HasAlertsController.swift */,
			);
			path = AppDependencies;
			sourceTree = "<group>";
		};
		82CB9CD4209CE24600B778E0 /* List */ = {
			isa = PBXGroup;
			children = (
				82CB9CDB209CE77400B778E0 /* ViewModels */,
				82CB9CD7209CE44900B778E0 /* ListTableVC.swift */,
				82CB9CD9209CE45D00B778E0 /* ListProtocols.swift */,
			);
			path = List;
			sourceTree = "<group>";
		};
		82CB9CDB209CE77400B778E0 /* ViewModels */ = {
			isa = PBXGroup;
			children = (
				82CB9CDC209CE79100B778E0 /* MeasurementStationsListVM.swift */,
			);
			path = ViewModels;
			sourceTree = "<group>";
		};
/* End PBXGroup section */

/* Begin PBXNativeTarget section */
		828CFB93209252BA00EDE038 /* SampleApp */ = {
			isa = PBXNativeTarget;
			buildConfigurationList = 828CFBB1209252BA00EDE038 /* Build configuration list for PBXNativeTarget "SampleApp" */;
			buildPhases = (
				828CFB90209252BA00EDE038 /* Sources */,
				828CFB91209252BA00EDE038 /* Frameworks */,
				828CFB92209252BA00EDE038 /* Resources */,
			);
			buildRules = (
			);
			dependencies = (
			);
			name = SampleApp;
			productName = SampleApp;
			productReference = 828CFB94209252BA00EDE038 /* SampleApp.app */;
			productType = "com.apple.product-type.application";
		};
		828CFBA7209252BA00EDE038 /* SampleAppTests */ = {
			isa = PBXNativeTarget;
			buildConfigurationList = 828CFBB4209252BA00EDE038 /* Build configuration list for PBXNativeTarget "SampleAppTests" */;
			buildPhases = (
				828CFBA4209252BA00EDE038 /* Sources */,
				828CFBA5209252BA00EDE038 /* Frameworks */,
				828CFBA6209252BA00EDE038 /* Resources */,
			);
			buildRules = (
			);
			dependencies = (
				828CFBAA209252BA00EDE038 /* PBXTargetDependency */,
			);
			name = SampleAppTests;
			productName = SampleAppTests;
			productReference = 828CFBA8209252BA00EDE038 /* SampleAppTests.xctest */;
			productType = "com.apple.product-type.bundle.unit-test";
		};
/* End PBXNativeTarget section */

/* Begin PBXProject section */
		828CFB8C209252BA00EDE038 /* Project object */ = {
			isa = PBXProject;
			attributes = {
				LastSwiftUpdateCheck = 0920;
				LastUpgradeCheck = 0920;
				ORGANIZATIONNAME = "Bartosz Kucharski";
				TargetAttributes = {
					828CFB93209252BA00EDE038 = {
						CreatedOnToolsVersion = 9.2;
						ProvisioningStyle = Automatic;
					};
					828CFBA7209252BA00EDE038 = {
						CreatedOnToolsVersion = 9.2;
						ProvisioningStyle = Automatic;
						TestTargetID = 828CFB93209252BA00EDE038;
					};
				};
			};
			buildConfigurationList = 828CFB8F209252BA00EDE038 /* Build configuration list for PBXProject "SampleApp" */;
			compatibilityVersion = "Xcode 8.0";
			developmentRegion = en;
			hasScannedForEncodings = 0;
			knownRegions = (
				en,
				Base,
				pl,
			);
			mainGroup = 828CFB8B209252BA00EDE038;
			productRefGroup = 828CFB95209252BA00EDE038 /* Products */;
			projectDirPath = "";
			projectRoot = "";
			targets = (
				828CFB93209252BA00EDE038 /* SampleApp */,
				828CFBA7209252BA00EDE038 /* SampleAppTests */,
			);
		};
/* End PBXProject section */

/* Begin PBXResourcesBuildPhase section */
		828CFB92209252BA00EDE038 /* Resources */ = {
			isa = PBXResourcesBuildPhase;
			buildActionMask = 2147483647;
			files = (
				82329D0C20A74B4B0057270B /* MeasurementStationVC.xib in Resources */,
				82329D2C20A74DD10057270B /* Localizable.strings in Resources */,
				82329D1220A74C300057270B /* MeasurementCell.xib in Resources */,
				828CFB9F209252BA00EDE038 /* Assets.xcassets in Resources */,
			);
			runOnlyForDeploymentPostprocessing = 0;
		};
		828CFBA6209252BA00EDE038 /* Resources */ = {
			isa = PBXResourcesBuildPhase;
			buildActionMask = 2147483647;
			files = (
			);
			runOnlyForDeploymentPostprocessing = 0;
		};
/* End PBXResourcesBuildPhase section */

/* Begin PBXSourcesBuildPhase section */
		828CFB90209252BA00EDE038 /* Sources */ = {
			isa = PBXSourcesBuildPhase;
			buildActionMask = 2147483647;
			files = (
				8298FF2720A082FD0019DC4F /* MeasurementStationVM.swift in Sources */,
				82CA79A8209776DA00CED1C6 /* AirQualityService.swift in Sources */,
				822A00B220926004001DD101 /* Result.swift in Sources */,
				82CA79B6209786E500CED1C6 /* AirQualityServiceProtocol.swift in Sources */,
				828CFBBC2092546100EDE038 /* Coordinator.swift in Sources */,
				827E766220A065FD0091775B /* UITableView+Dequeue.swift in Sources */,
				8298FF3520A31AC60019DC4F /* AlertsControllerProtocol.swift in Sources */,
				827E765E20A0622D0091775B /* HomeCoordinator.swift in Sources */,
				8298FF3120A314830019DC4F /* AlertsController.swift in Sources */,
				828CFBB9209253FF00EDE038 /* RootCoordinator.swift in Sources */,
				82CA799D20974FB300CED1C6 /* AirQualityRequest.swift in Sources */,
				82CB9CDD209CE79100B778E0 /* MeasurementStationsListVM.swift in Sources */,
				82CB9CDA209CE45D00B778E0 /* ListProtocols.swift in Sources */,
				82CA79B32097868A00CED1C6 /* HasAirQualityService.swift in Sources */,
				82CA79A2209756FD00CED1C6 /* URLRequestConvertible.swift in Sources */,
				827E766420A066300091775B /* Identifiable.swift in Sources */,
				8298FF2420A07D6B0019DC4F /* MeasurementCell.swift in Sources */,
				8298FF2D20A1DC0D0019DC4F /* MeasurementCellVMProtocol.swift in Sources */,
				82CA79B12097813100CED1C6 /* SensorData.swift in Sources */,
				827E766920A072450091775B /* MeasurementStationVC.swift in Sources */,
				82CA798520950C7300CED1C6 /* LoadingVC.swift in Sources */,
				828CFB98209252BA00EDE038 /* AppDelegate.swift in Sources */,
				82CB9CD8209CE44900B778E0 /* ListTableVC.swift in Sources */,
				82CA79AA2097773400CED1C6 /* HasNetworkDispatcher.swift in Sources */,
				8298FF3320A31A870019DC4F /* HasAlertsController.swift in Sources */,
				8298FF2B20A1DBED0019DC4F /* MeasurementCellVM.swift in Sources */,
				82CA798720950D6600CED1C6 /* CircleProgressView.swift in Sources */,
				82CA799B20974E1400CED1C6 /* HTTPMethod.swift in Sources */,
				82CA798A2095194200CED1C6 /* UIView+Constraints.swift in Sources */,
				82CA79AF209780A700CED1C6 /* Sensor.swift in Sources */,
				822A00B4209261F9001DD101 /* AppDependency.swift in Sources */,
				82CA799520973DB500CED1C6 /* Request.swift in Sources */,
				82CA79A42097684000CED1C6 /* NetworkDispatcher.swift in Sources */,
				82CA798D20951D9700CED1C6 /* MeasurementStationsLoadingVM.swift in Sources */,
				82CA79A62097761C00CED1C6 /* Dispatcher.swift in Sources */,
				82CA79922095287E00CED1C6 /* LoadingProtocols.swift in Sources */,
				82CA79AD20977FCC00CED1C6 /* MeasurementStation.swift in Sources */,
				82329D0720A7495D0057270B /* String+Localization.swift in Sources */,
			);
			runOnlyForDeploymentPostprocessing = 0;
		};
		828CFBA4209252BA00EDE038 /* Sources */ = {
			isa = PBXSourcesBuildPhase;
			buildActionMask = 2147483647;
			files = (
				828CFBAD209252BA00EDE038 /* SampleAppTests.swift in Sources */,
			);
			runOnlyForDeploymentPostprocessing = 0;
		};
/* End PBXSourcesBuildPhase section */

/* Begin PBXTargetDependency section */
		828CFBAA209252BA00EDE038 /* PBXTargetDependency */ = {
			isa = PBXTargetDependency;
			target = 828CFB93209252BA00EDE038 /* SampleApp */;
			targetProxy = 828CFBA9209252BA00EDE038 /* PBXContainerItemProxy */;
		};
/* End PBXTargetDependency section */

/* Begin PBXVariantGroup section */
		82329D0E20A74B4B0057270B /* MeasurementStationVC.xib */ = {
			isa = PBXVariantGroup;
			children = (
				82329D0F20A74B520057270B /* Base */,
				82329D1120A74B630057270B /* en */,
				82329D1E20A74D1B0057270B /* pl */,
			);
			name = MeasurementStationVC.xib;
			sourceTree = "<group>";
		};
		82329D1420A74C300057270B /* MeasurementCell.xib */ = {
			isa = PBXVariantGroup;
			children = (
				82329D1320A74C300057270B /* Base */,
				82329D1620A74C330057270B /* en */,
				82329D1D20A74D1B0057270B /* pl */,
			);
			name = MeasurementCell.xib;
			sourceTree = "<group>";
		};
		82329D2E20A74DD10057270B /* Localizable.strings */ = {
			isa = PBXVariantGroup;
			children = (
				82329D2D20A74DD10057270B /* en */,
				82329D2F20A74DD40057270B /* pl */,
			);
			name = Localizable.strings;
			sourceTree = "<group>";
		};
/* End PBXVariantGroup section */

/* Begin XCBuildConfiguration section */
		828CFBAF209252BA00EDE038 /* Debug */ = {
			isa = XCBuildConfiguration;
			buildSettings = {
				ALWAYS_SEARCH_USER_PATHS = NO;
				CLANG_ANALYZER_LOCALIZABILITY_NONLOCALIZED = YES;
				CLANG_ANALYZER_NONNULL = YES;
				CLANG_ANALYZER_NUMBER_OBJECT_CONVERSION = YES_AGGRESSIVE;
				CLANG_CXX_LANGUAGE_STANDARD = "gnu++14";
				CLANG_CXX_LIBRARY = "libc++";
				CLANG_ENABLE_MODULES = YES;
				CLANG_ENABLE_OBJC_ARC = YES;
				CLANG_WARN_BLOCK_CAPTURE_AUTORELEASING = YES;
				CLANG_WARN_BOOL_CONVERSION = YES;
				CLANG_WARN_COMMA = YES;
				CLANG_WARN_CONSTANT_CONVERSION = YES;
				CLANG_WARN_DIRECT_OBJC_ISA_USAGE = YES_ERROR;
				CLANG_WARN_DOCUMENTATION_COMMENTS = YES;
				CLANG_WARN_EMPTY_BODY = YES;
				CLANG_WARN_ENUM_CONVERSION = YES;
				CLANG_WARN_INFINITE_RECURSION = YES;
				CLANG_WARN_INT_CONVERSION = YES;
				CLANG_WARN_NON_LITERAL_NULL_CONVERSION = YES;
				CLANG_WARN_OBJC_LITERAL_CONVERSION = YES;
				CLANG_WARN_OBJC_ROOT_CLASS = YES_ERROR;
				CLANG_WARN_RANGE_LOOP_ANALYSIS = YES;
				CLANG_WARN_STRICT_PROTOTYPES = YES;
				CLANG_WARN_SUSPICIOUS_MOVE = YES;
				CLANG_WARN_UNGUARDED_AVAILABILITY = YES_AGGRESSIVE;
				CLANG_WARN_UNREACHABLE_CODE = YES;
				CLANG_WARN__DUPLICATE_METHOD_MATCH = YES;
				CODE_SIGN_IDENTITY = "iPhone Developer";
				COPY_PHASE_STRIP = NO;
				DEBUG_INFORMATION_FORMAT = dwarf;
				ENABLE_STRICT_OBJC_MSGSEND = YES;
				ENABLE_TESTABILITY = YES;
				GCC_C_LANGUAGE_STANDARD = gnu11;
				GCC_DYNAMIC_NO_PIC = NO;
				GCC_NO_COMMON_BLOCKS = YES;
				GCC_OPTIMIZATION_LEVEL = 0;
				GCC_PREPROCESSOR_DEFINITIONS = (
					"DEBUG=1",
					"$(inherited)",
				);
				GCC_WARN_64_TO_32_BIT_CONVERSION = YES;
				GCC_WARN_ABOUT_RETURN_TYPE = YES_ERROR;
				GCC_WARN_UNDECLARED_SELECTOR = YES;
				GCC_WARN_UNINITIALIZED_AUTOS = YES_AGGRESSIVE;
				GCC_WARN_UNUSED_FUNCTION = YES;
				GCC_WARN_UNUSED_VARIABLE = YES;
				IPHONEOS_DEPLOYMENT_TARGET = 11.2;
				MTL_ENABLE_DEBUG_INFO = YES;
				ONLY_ACTIVE_ARCH = YES;
				SDKROOT = iphoneos;
				SWIFT_ACTIVE_COMPILATION_CONDITIONS = DEBUG;
				SWIFT_OPTIMIZATION_LEVEL = "-Onone";
			};
			name = Debug;
		};
		828CFBB0209252BA00EDE038 /* Release */ = {
			isa = XCBuildConfiguration;
			buildSettings = {
				ALWAYS_SEARCH_USER_PATHS = NO;
				CLANG_ANALYZER_LOCALIZABILITY_NONLOCALIZED = YES;
				CLANG_ANALYZER_NONNULL = YES;
				CLANG_ANALYZER_NUMBER_OBJECT_CONVERSION = YES_AGGRESSIVE;
				CLANG_CXX_LANGUAGE_STANDARD = "gnu++14";
				CLANG_CXX_LIBRARY = "libc++";
				CLANG_ENABLE_MODULES = YES;
				CLANG_ENABLE_OBJC_ARC = YES;
				CLANG_WARN_BLOCK_CAPTURE_AUTORELEASING = YES;
				CLANG_WARN_BOOL_CONVERSION = YES;
				CLANG_WARN_COMMA = YES;
				CLANG_WARN_CONSTANT_CONVERSION = YES;
				CLANG_WARN_DIRECT_OBJC_ISA_USAGE = YES_ERROR;
				CLANG_WARN_DOCUMENTATION_COMMENTS = YES;
				CLANG_WARN_EMPTY_BODY = YES;
				CLANG_WARN_ENUM_CONVERSION = YES;
				CLANG_WARN_INFINITE_RECURSION = YES;
				CLANG_WARN_INT_CONVERSION = YES;
				CLANG_WARN_NON_LITERAL_NULL_CONVERSION = YES;
				CLANG_WARN_OBJC_LITERAL_CONVERSION = YES;
				CLANG_WARN_OBJC_ROOT_CLASS = YES_ERROR;
				CLANG_WARN_RANGE_LOOP_ANALYSIS = YES;
				CLANG_WARN_STRICT_PROTOTYPES = YES;
				CLANG_WARN_SUSPICIOUS_MOVE = YES;
				CLANG_WARN_UNGUARDED_AVAILABILITY = YES_AGGRESSIVE;
				CLANG_WARN_UNREACHABLE_CODE = YES;
				CLANG_WARN__DUPLICATE_METHOD_MATCH = YES;
				CODE_SIGN_IDENTITY = "iPhone Developer";
				COPY_PHASE_STRIP = NO;
				DEBUG_INFORMATION_FORMAT = "dwarf-with-dsym";
				ENABLE_NS_ASSERTIONS = NO;
				ENABLE_STRICT_OBJC_MSGSEND = YES;
				GCC_C_LANGUAGE_STANDARD = gnu11;
				GCC_NO_COMMON_BLOCKS = YES;
				GCC_WARN_64_TO_32_BIT_CONVERSION = YES;
				GCC_WARN_ABOUT_RETURN_TYPE = YES_ERROR;
				GCC_WARN_UNDECLARED_SELECTOR = YES;
				GCC_WARN_UNINITIALIZED_AUTOS = YES_AGGRESSIVE;
				GCC_WARN_UNUSED_FUNCTION = YES;
				GCC_WARN_UNUSED_VARIABLE = YES;
				IPHONEOS_DEPLOYMENT_TARGET = 11.2;
				MTL_ENABLE_DEBUG_INFO = NO;
				SDKROOT = iphoneos;
				SWIFT_OPTIMIZATION_LEVEL = "-Owholemodule";
				VALIDATE_PRODUCT = YES;
			};
			name = Release;
		};
		828CFBB2209252BA00EDE038 /* Debug */ = {
			isa = XCBuildConfiguration;
			buildSettings = {
				ASSETCATALOG_COMPILER_APPICON_NAME = AppIcon;
				CODE_SIGN_STYLE = Automatic;
				DEVELOPMENT_TEAM = ETFFBZ9FU2;
				INFOPLIST_FILE = SampleApp/Info.plist;
				LD_RUNPATH_SEARCH_PATHS = "$(inherited) @executable_path/Frameworks";
				PRODUCT_BUNDLE_IDENTIFIER = "Bartosz-Kucharski.SampleApp";
				PRODUCT_NAME = "$(TARGET_NAME)";
				SWIFT_VERSION = 4.0;
				TARGETED_DEVICE_FAMILY = "1,2";
			};
			name = Debug;
		};
		828CFBB3209252BA00EDE038 /* Release */ = {
			isa = XCBuildConfiguration;
			buildSettings = {
				ASSETCATALOG_COMPILER_APPICON_NAME = AppIcon;
				CODE_SIGN_STYLE = Automatic;
				DEVELOPMENT_TEAM = ETFFBZ9FU2;
				INFOPLIST_FILE = SampleApp/Info.plist;
				LD_RUNPATH_SEARCH_PATHS = "$(inherited) @executable_path/Frameworks";
				PRODUCT_BUNDLE_IDENTIFIER = "Bartosz-Kucharski.SampleApp";
				PRODUCT_NAME = "$(TARGET_NAME)";
				SWIFT_VERSION = 4.0;
				TARGETED_DEVICE_FAMILY = "1,2";
			};
			name = Release;
		};
		828CFBB5209252BA00EDE038 /* Debug */ = {
			isa = XCBuildConfiguration;
			buildSettings = {
				ALWAYS_EMBED_SWIFT_STANDARD_LIBRARIES = YES;
				BUNDLE_LOADER = "$(TEST_HOST)";
				CODE_SIGN_STYLE = Automatic;
				DEVELOPMENT_TEAM = ETFFBZ9FU2;
				INFOPLIST_FILE = SampleAppTests/Info.plist;
				LD_RUNPATH_SEARCH_PATHS = "$(inherited) @executable_path/Frameworks @loader_path/Frameworks";
				PRODUCT_BUNDLE_IDENTIFIER = "Bartosz-Kucharski.SampleAppTests";
				PRODUCT_NAME = "$(TARGET_NAME)";
				SWIFT_VERSION = 4.0;
				TARGETED_DEVICE_FAMILY = "1,2";
				TEST_HOST = "$(BUILT_PRODUCTS_DIR)/SampleApp.app/SampleApp";
			};
			name = Debug;
		};
		828CFBB6209252BA00EDE038 /* Release */ = {
			isa = XCBuildConfiguration;
			buildSettings = {
				ALWAYS_EMBED_SWIFT_STANDARD_LIBRARIES = YES;
				BUNDLE_LOADER = "$(TEST_HOST)";
				CODE_SIGN_STYLE = Automatic;
				DEVELOPMENT_TEAM = ETFFBZ9FU2;
				INFOPLIST_FILE = SampleAppTests/Info.plist;
				LD_RUNPATH_SEARCH_PATHS = "$(inherited) @executable_path/Frameworks @loader_path/Frameworks";
				PRODUCT_BUNDLE_IDENTIFIER = "Bartosz-Kucharski.SampleAppTests";
				PRODUCT_NAME = "$(TARGET_NAME)";
				SWIFT_VERSION = 4.0;
				TARGETED_DEVICE_FAMILY = "1,2";
				TEST_HOST = "$(BUILT_PRODUCTS_DIR)/SampleApp.app/SampleApp";
			};
			name = Release;
		};
/* End XCBuildConfiguration section */

/* Begin XCConfigurationList section */
		828CFB8F209252BA00EDE038 /* Build configuration list for PBXProject "SampleApp" */ = {
			isa = XCConfigurationList;
			buildConfigurations = (
				828CFBAF209252BA00EDE038 /* Debug */,
				828CFBB0209252BA00EDE038 /* Release */,
			);
			defaultConfigurationIsVisible = 0;
			defaultConfigurationName = Release;
		};
		828CFBB1209252BA00EDE038 /* Build configuration list for PBXNativeTarget "SampleApp" */ = {
			isa = XCConfigurationList;
			buildConfigurations = (
				828CFBB2209252BA00EDE038 /* Debug */,
				828CFBB3209252BA00EDE038 /* Release */,
			);
			defaultConfigurationIsVisible = 0;
			defaultConfigurationName = Release;
		};
		828CFBB4209252BA00EDE038 /* Build configuration list for PBXNativeTarget "SampleAppTests" */ = {
			isa = XCConfigurationList;
			buildConfigurations = (
				828CFBB5209252BA00EDE038 /* Debug */,
				828CFBB6209252BA00EDE038 /* Release */,
			);
			defaultConfigurationIsVisible = 0;
			defaultConfigurationName = Release;
		};
/* End XCConfigurationList section */
	};
	rootObject = 828CFB8C209252BA00EDE038 /* Project object */;
}
